// !$*UTF8*$!
{
	archiveVersion = 1;
	classes = {
	};
	objectVersion = 46;
	objects = {

/* Begin PBXBuildFile section */
		3610030A1DF98E88008C8CED /* Item.m in Sources */ = {isa = PBXBuildFile; fileRef = 361003091DF98E88008C8CED /* Item.m */; };
		3610030D1DF98EA8008C8CED /* Shop.m in Sources */ = {isa = PBXBuildFile; fileRef = 3610030C1DF98EA8008C8CED /* Shop.m */; };
		3610030F1DF98F02008C8CED /* SimpleDB.sql in Resources */ = {isa = PBXBuildFile; fileRef = 3610030E1DF98F02008C8CED /* SimpleDB.sql */; };
		361003121DF9B541008C8CED /* ItemViewController.m in Sources */ = {isa = PBXBuildFile; fileRef = 361003111DF9B541008C8CED /* ItemViewController.m */; };
		361003151DF9B743008C8CED /* ItemTableViewCell.m in Sources */ = {isa = PBXBuildFile; fileRef = 361003141DF9B743008C8CED /* ItemTableViewCell.m */; };
		361216151DF894450075B622 /* main.m in Sources */ = {isa = PBXBuildFile; fileRef = 361216141DF894450075B622 /* main.m */; };
		361216181DF894450075B622 /* AppDelegate.m in Sources */ = {isa = PBXBuildFile; fileRef = 361216171DF894450075B622 /* AppDelegate.m */; };
		3612161B1DF894450075B622 /* ShopViewController.m in Sources */ = {isa = PBXBuildFile; fileRef = 3612161A1DF894450075B622 /* ShopViewController.m */; };
		3612161E1DF894460075B622 /* Main.storyboard in Resources */ = {isa = PBXBuildFile; fileRef = 3612161C1DF894460075B622 /* Main.storyboard */; };
		361216201DF894460075B622 /* Assets.xcassets in Resources */ = {isa = PBXBuildFile; fileRef = 3612161F1DF894460075B622 /* Assets.xcassets */; };
		361216231DF894460075B622 /* LaunchScreen.storyboard in Resources */ = {isa = PBXBuildFile; fileRef = 361216211DF894460075B622 /* LaunchScreen.storyboard */; };
		3655C2611DF9546700437D05 /* libsqlite3.tbd in Frameworks */ = {isa = PBXBuildFile; fileRef = 3655C2601DF9546700437D05 /* libsqlite3.tbd */; };
		3655C2641DF9566800437D05 /* DBManager.m in Sources */ = {isa = PBXBuildFile; fileRef = 3655C2631DF9566800437D05 /* DBManager.m */; };
		3655C2691DF968EF00437D05 /* EditInfoViewController.m in Sources */ = {isa = PBXBuildFile; fileRef = 3655C2681DF968EF00437D05 /* EditInfoViewController.m */; };
		FF1AE38FD45C1D55CE2A2EF7 /* Pods_CustomLogsDemo.framework in Frameworks */ = {isa = PBXBuildFile; fileRef = 4956B6508073BCB5ED96A0C8 /* Pods_CustomLogsDemo.framework */; };
/* End PBXBuildFile section */

/* Begin PBXFileReference section */
		08BDBA83531713AF5AC6461C /* Pods-CustomLogsDemo.debug.xcconfig */ = {isa = PBXFileReference; includeInIndex = 1; lastKnownFileType = text.xcconfig; name = "Pods-CustomLogsDemo.debug.xcconfig"; path = "Pods/Target Support Files/Pods-CustomLogsDemo/Pods-CustomLogsDemo.debug.xcconfig"; sourceTree = "<group>"; };
		361003081DF98E88008C8CED /* Item.h */ = {isa = PBXFileReference; fileEncoding = 4; lastKnownFileType = sourcecode.c.h; path = Item.h; sourceTree = "<group>"; };
		361003091DF98E88008C8CED /* Item.m */ = {isa = PBXFileReference; fileEncoding = 4; lastKnownFileType = sourcecode.c.objc; path = Item.m; sourceTree = "<group>"; };
		3610030B1DF98EA8008C8CED /* Shop.h */ = {isa = PBXFileReference; fileEncoding = 4; lastKnownFileType = sourcecode.c.h; path = Shop.h; sourceTree = "<group>"; };
		3610030C1DF98EA8008C8CED /* Shop.m */ = {isa = PBXFileReference; fileEncoding = 4; lastKnownFileType = sourcecode.c.objc; path = Shop.m; sourceTree = "<group>"; };
		3610030E1DF98F02008C8CED /* SimpleDB.sql */ = {isa = PBXFileReference; lastKnownFileType = file; path = SimpleDB.sql; sourceTree = SOURCE_ROOT; };
		361003101DF9B541008C8CED /* ItemViewController.h */ = {isa = PBXFileReference; fileEncoding = 4; lastKnownFileType = sourcecode.c.h; path = ItemViewController.h; sourceTree = "<group>"; };
		361003111DF9B541008C8CED /* ItemViewController.m */ = {isa = PBXFileReference; fileEncoding = 4; lastKnownFileType = sourcecode.c.objc; path = ItemViewController.m; sourceTree = "<group>"; };
		361003131DF9B743008C8CED /* ItemTableViewCell.h */ = {isa = PBXFileReference; fileEncoding = 4; lastKnownFileType = sourcecode.c.h; path = ItemTableViewCell.h; sourceTree = "<group>"; };
		361003141DF9B743008C8CED /* ItemTableViewCell.m */ = {isa = PBXFileReference; fileEncoding = 4; lastKnownFileType = sourcecode.c.objc; path = ItemTableViewCell.m; sourceTree = "<group>"; };
		361216101DF894450075B622 /* CustomLogsDemo.app */ = {isa = PBXFileReference; explicitFileType = wrapper.application; includeInIndex = 0; path = CustomLogsDemo.app; sourceTree = BUILT_PRODUCTS_DIR; };
		361216141DF894450075B622 /* main.m */ = {isa = PBXFileReference; lastKnownFileType = sourcecode.c.objc; path = main.m; sourceTree = "<group>"; };
		361216161DF894450075B622 /* AppDelegate.h */ = {isa = PBXFileReference; lastKnownFileType = sourcecode.c.h; path = AppDelegate.h; sourceTree = "<group>"; };
		361216171DF894450075B622 /* AppDelegate.m */ = {isa = PBXFileReference; lastKnownFileType = sourcecode.c.objc; path = AppDelegate.m; sourceTree = "<group>"; };
		361216191DF894450075B622 /* ShopViewController.h */ = {isa = PBXFileReference; lastKnownFileType = sourcecode.c.h; path = ShopViewController.h; sourceTree = "<group>"; };
		3612161A1DF894450075B622 /* ShopViewController.m */ = {isa = PBXFileReference; lastKnownFileType = sourcecode.c.objc; path = ShopViewController.m; sourceTree = "<group>"; };
		3612161D1DF894460075B622 /* Base */ = {isa = PBXFileReference; lastKnownFileType = file.storyboard; name = Base; path = Base.lproj/Main.storyboard; sourceTree = "<group>"; };
		3612161F1DF894460075B622 /* Assets.xcassets */ = {isa = PBXFileReference; lastKnownFileType = folder.assetcatalog; path = Assets.xcassets; sourceTree = "<group>"; };
		361216221DF894460075B622 /* Base */ = {isa = PBXFileReference; lastKnownFileType = file.storyboard; name = Base; path = Base.lproj/LaunchScreen.storyboard; sourceTree = "<group>"; };
		361216241DF894460075B622 /* Info.plist */ = {isa = PBXFileReference; lastKnownFileType = text.plist.xml; path = Info.plist; sourceTree = "<group>"; };
		3655C2601DF9546700437D05 /* libsqlite3.tbd */ = {isa = PBXFileReference; lastKnownFileType = "sourcecode.text-based-dylib-definition"; name = libsqlite3.tbd; path = usr/lib/libsqlite3.tbd; sourceTree = SDKROOT; };
		3655C2621DF9566800437D05 /* DBManager.h */ = {isa = PBXFileReference; fileEncoding = 4; lastKnownFileType = sourcecode.c.h; path = DBManager.h; sourceTree = "<group>"; };
		3655C2631DF9566800437D05 /* DBManager.m */ = {isa = PBXFileReference; fileEncoding = 4; lastKnownFileType = sourcecode.c.objc; path = DBManager.m; sourceTree = "<group>"; };
		3655C2671DF968EF00437D05 /* EditInfoViewController.h */ = {isa = PBXFileReference; fileEncoding = 4; lastKnownFileType = sourcecode.c.h; path = EditInfoViewController.h; sourceTree = "<group>"; };
		3655C2681DF968EF00437D05 /* EditInfoViewController.m */ = {isa = PBXFileReference; fileEncoding = 4; lastKnownFileType = sourcecode.c.objc; path = EditInfoViewController.m; sourceTree = "<group>"; };
		4956B6508073BCB5ED96A0C8 /* Pods_CustomLogsDemo.framework */ = {isa = PBXFileReference; explicitFileType = wrapper.framework; includeInIndex = 0; path = Pods_CustomLogsDemo.framework; sourceTree = BUILT_PRODUCTS_DIR; };
		951B689DFDCEA9A1D64D78DF /* Pods-CustomLogsDemo.release.xcconfig */ = {isa = PBXFileReference; includeInIndex = 1; lastKnownFileType = text.xcconfig; name = "Pods-CustomLogsDemo.release.xcconfig"; path = "Pods/Target Support Files/Pods-CustomLogsDemo/Pods-CustomLogsDemo.release.xcconfig"; sourceTree = "<group>"; };
/* End PBXFileReference section */

/* Begin PBXFrameworksBuildPhase section */
		3612160D1DF894450075B622 /* Frameworks */ = {
			isa = PBXFrameworksBuildPhase;
			buildActionMask = 2147483647;
			files = (
				3655C2611DF9546700437D05 /* libsqlite3.tbd in Frameworks */,
				FF1AE38FD45C1D55CE2A2EF7 /* Pods_CustomLogsDemo.framework in Frameworks */,
			);
			runOnlyForDeploymentPostprocessing = 0;
		};
/* End PBXFrameworksBuildPhase section */

/* Begin PBXGroup section */
		1EB47CDF9FE6D8086D02EFC3 /* Pods */ = {
			isa = PBXGroup;
			children = (
				08BDBA83531713AF5AC6461C /* Pods-CustomLogsDemo.debug.xcconfig */,
				951B689DFDCEA9A1D64D78DF /* Pods-CustomLogsDemo.release.xcconfig */,
			);
			name = Pods;
			sourceTree = "<group>";
		};
		361003071DF98E88008C8CED /* DataBaseItems */ = {
			isa = PBXGroup;
			children = (
				3610030B1DF98EA8008C8CED /* Shop.h */,
				3610030C1DF98EA8008C8CED /* Shop.m */,
				361003081DF98E88008C8CED /* Item.h */,
				361003091DF98E88008C8CED /* Item.m */,
			);
			path = DataBaseItems;
			sourceTree = "<group>";
		};
		361216071DF894450075B622 = {
			isa = PBXGroup;
			children = (
				361216121DF894450075B622 /* CustomLogsDemo */,
				361216111DF894450075B622 /* Products */,
				1EB47CDF9FE6D8086D02EFC3 /* Pods */,
				968524968CBC49A63A0CB42B /* Frameworks */,
			);
			sourceTree = "<group>";
		};
		361216111DF894450075B622 /* Products */ = {
			isa = PBXGroup;
			children = (
				361216101DF894450075B622 /* CustomLogsDemo.app */,
			);
			name = Products;
			sourceTree = "<group>";
		};
		361216121DF894450075B622 /* CustomLogsDemo */ = {
			isa = PBXGroup;
			children = (
				3610030E1DF98F02008C8CED /* SimpleDB.sql */,
				361003071DF98E88008C8CED /* DataBaseItems */,
				3655C2621DF9566800437D05 /* DBManager.h */,
				3655C2631DF9566800437D05 /* DBManager.m */,
				361216161DF894450075B622 /* AppDelegate.h */,
				361216171DF894450075B622 /* AppDelegate.m */,
				361216191DF894450075B622 /* ShopViewController.h */,
				3612161A1DF894450075B622 /* ShopViewController.m */,
				3612161C1DF894460075B622 /* Main.storyboard */,
				361003131DF9B743008C8CED /* ItemTableViewCell.h */,
				361003141DF9B743008C8CED /* ItemTableViewCell.m */,
				361003101DF9B541008C8CED /* ItemViewController.h */,
				361003111DF9B541008C8CED /* ItemViewController.m */,
				3655C2671DF968EF00437D05 /* EditInfoViewController.h */,
				3655C2681DF968EF00437D05 /* EditInfoViewController.m */,
				3612161F1DF894460075B622 /* Assets.xcassets */,
				361216211DF894460075B622 /* LaunchScreen.storyboard */,
				361216241DF894460075B622 /* Info.plist */,
				361216131DF894450075B622 /* Supporting Files */,
			);
			path = CustomLogsDemo;
			sourceTree = "<group>";
		};
		361216131DF894450075B622 /* Supporting Files */ = {
			isa = PBXGroup;
			children = (
				361216141DF894450075B622 /* main.m */,
			);
			name = "Supporting Files";
			sourceTree = "<group>";
		};
		968524968CBC49A63A0CB42B /* Frameworks */ = {
			isa = PBXGroup;
			children = (
				3655C2601DF9546700437D05 /* libsqlite3.tbd */,
				4956B6508073BCB5ED96A0C8 /* Pods_CustomLogsDemo.framework */,
			);
			name = Frameworks;
			sourceTree = "<group>";
		};
/* End PBXGroup section */

/* Begin PBXNativeTarget section */
		3612160F1DF894450075B622 /* CustomLogsDemo */ = {
			isa = PBXNativeTarget;
			buildConfigurationList = 361216271DF894460075B622 /* Build configuration list for PBXNativeTarget "CustomLogsDemo" */;
			buildPhases = (
				F63E47E5F4F41732AEB3B49B /* [CP] Check Pods Manifest.lock */,
				3612160C1DF894450075B622 /* Sources */,
				3612160D1DF894450075B622 /* Frameworks */,
				3612160E1DF894450075B622 /* Resources */,
				13BA1066F4D3AC8DF097DA10 /* [CP] Embed Pods Frameworks */,
				48194C6C395C793CD92B756C /* [CP] Copy Pods Resources */,
			);
			buildRules = (
			);
			dependencies = (
			);
			name = CustomLogsDemo;
			productName = CustomLogsDemo;
			productReference = 361216101DF894450075B622 /* CustomLogsDemo.app */;
			productType = "com.apple.product-type.application";
		};
/* End PBXNativeTarget section */

/* Begin PBXProject section */
		361216081DF894450075B622 /* Project object */ = {
			isa = PBXProject;
			attributes = {
				LastUpgradeCheck = 0800;
				ORGANIZATIONNAME = "Melany Gulianovych";
				TargetAttributes = {
					3612160F1DF894450075B622 = {
						CreatedOnToolsVersion = 8.0;
						ProvisioningStyle = Automatic;
					};
				};
			};
			buildConfigurationList = 3612160B1DF894450075B622 /* Build configuration list for PBXProject "CustomLogsDemo" */;
			compatibilityVersion = "Xcode 3.2";
			developmentRegion = English;
			hasScannedForEncodings = 0;
			knownRegions = (
				en,
				Base,
			);
			mainGroup = 361216071DF894450075B622;
			productRefGroup = 361216111DF894450075B622 /* Products */;
			projectDirPath = "";
			projectRoot = "";
			targets = (
				3612160F1DF894450075B622 /* CustomLogsDemo */,
			);
		};
/* End PBXProject section */

/* Begin PBXResourcesBuildPhase section */
		3612160E1DF894450075B622 /* Resources */ = {
			isa = PBXResourcesBuildPhase;
			buildActionMask = 2147483647;
			files = (
				361216231DF894460075B622 /* LaunchScreen.storyboard in Resources */,
				3610030F1DF98F02008C8CED /* SimpleDB.sql in Resources */,
				361216201DF894460075B622 /* Assets.xcassets in Resources */,
				3612161E1DF894460075B622 /* Main.storyboard in Resources */,
			);
			runOnlyForDeploymentPostprocessing = 0;
		};
/* End PBXResourcesBuildPhase section */

/* Begin PBXShellScriptBuildPhase section */
		13BA1066F4D3AC8DF097DA10 /* [CP] Embed Pods Frameworks */ = {
			isa = PBXShellScriptBuildPhase;
			buildActionMask = 2147483647;
			files = (
			);
			inputPaths = (
			);
			name = "[CP] Embed Pods Frameworks";
			outputPaths = (
			);
			runOnlyForDeploymentPostprocessing = 0;
			shellPath = /bin/sh;
			shellScript = "\"${SRCROOT}/Pods/Target Support Files/Pods-CustomLogsDemo/Pods-CustomLogsDemo-frameworks.sh\"\n";
			showEnvVarsInLog = 0;
		};
		48194C6C395C793CD92B756C /* [CP] Copy Pods Resources */ = {
			isa = PBXShellScriptBuildPhase;
			buildActionMask = 2147483647;
			files = (
			);
			inputPaths = (
			);
			name = "[CP] Copy Pods Resources";
			outputPaths = (
			);
			runOnlyForDeploymentPostprocessing = 0;
			shellPath = /bin/sh;
			shellScript = "\"${SRCROOT}/Pods/Target Support Files/Pods-CustomLogsDemo/Pods-CustomLogsDemo-resources.sh\"\n";
			showEnvVarsInLog = 0;
		};
		F63E47E5F4F41732AEB3B49B /* [CP] Check Pods Manifest.lock */ = {
			isa = PBXShellScriptBuildPhase;
			buildActionMask = 2147483647;
			files = (
			);
			inputPaths = (
			);
			name = "[CP] Check Pods Manifest.lock";
			outputPaths = (
			);
			runOnlyForDeploymentPostprocessing = 0;
			shellPath = /bin/sh;
			shellScript = "diff \"${PODS_ROOT}/../Podfile.lock\" \"${PODS_ROOT}/Manifest.lock\" > /dev/null\nif [ $? != 0 ] ; then\n    # print error to STDERR\n    echo \"error: The sandbox is not in sync with the Podfile.lock. Run 'pod install' or update your CocoaPods installation.\" >&2\n    exit 1\nfi\n";
			showEnvVarsInLog = 0;
		};
/* End PBXShellScriptBuildPhase section */

/* Begin PBXSourcesBuildPhase section */
		3612160C1DF894450075B622 /* Sources */ = {
			isa = PBXSourcesBuildPhase;
			buildActionMask = 2147483647;
			files = (
				361003151DF9B743008C8CED /* ItemTableViewCell.m in Sources */,
				3610030D1DF98EA8008C8CED /* Shop.m in Sources */,
				3610030A1DF98E88008C8CED /* Item.m in Sources */,
				3655C2691DF968EF00437D05 /* EditInfoViewController.m in Sources */,
				3612161B1DF894450075B622 /* ShopViewController.m in Sources */,
				361216181DF894450075B622 /* AppDelegate.m in Sources */,
				361003121DF9B541008C8CED /* ItemViewController.m in Sources */,
				361216151DF894450075B622 /* main.m in Sources */,
				3655C2641DF9566800437D05 /* DBManager.m in Sources */,
			);
			runOnlyForDeploymentPostprocessing = 0;
		};
/* End PBXSourcesBuildPhase section */

/* Begin PBXVariantGroup section */
		3612161C1DF894460075B622 /* Main.storyboard */ = {
			isa = PBXVariantGroup;
			children = (
				3612161D1DF894460075B622 /* Base */,
			);
			name = Main.storyboard;
			sourceTree = "<group>";
		};
		361216211DF894460075B622 /* LaunchScreen.storyboard */ = {
			isa = PBXVariantGroup;
			children = (
				361216221DF894460075B622 /* Base */,
			);
			name = LaunchScreen.storyboard;
			sourceTree = "<group>";
		};
/* End PBXVariantGroup section */

/* Begin XCBuildConfiguration section */
		361216251DF894460075B622 /* Debug */ = {
			isa = XCBuildConfiguration;
			buildSettings = {
				ALWAYS_SEARCH_USER_PATHS = NO;
				CLANG_ANALYZER_NONNULL = YES;
				CLANG_CXX_LANGUAGE_STANDARD = "gnu++0x";
				CLANG_CXX_LIBRARY = "libc++";
				CLANG_ENABLE_MODULES = YES;
				CLANG_ENABLE_OBJC_ARC = YES;
				CLANG_WARN_BOOL_CONVERSION = YES;
				CLANG_WARN_CONSTANT_CONVERSION = YES;
				CLANG_WARN_DIRECT_OBJC_ISA_USAGE = YES_ERROR;
				CLANG_WARN_DOCUMENTATION_COMMENTS = YES;
				CLANG_WARN_EMPTY_BODY = YES;
				CLANG_WARN_ENUM_CONVERSION = YES;
				CLANG_WARN_INFINITE_RECURSION = YES;
				CLANG_WARN_INT_CONVERSION = YES;
				CLANG_WARN_OBJC_ROOT_CLASS = YES_ERROR;
				CLANG_WARN_SUSPICIOUS_MOVES = YES;
				CLANG_WARN_UNREACHABLE_CODE = YES;
				CLANG_WARN__DUPLICATE_METHOD_MATCH = YES;
				"CODE_SIGN_IDENTITY[sdk=iphoneos*]" = "iPhone Developer";
				COPY_PHASE_STRIP = NO;
				DEBUG_INFORMATION_FORMAT = dwarf;
				ENABLE_STRICT_OBJC_MSGSEND = YES;
				ENABLE_TESTABILITY = YES;
				GCC_C_LANGUAGE_STANDARD = gnu99;
				GCC_DYNAMIC_NO_PIC = NO;
				GCC_NO_COMMON_BLOCKS = YES;
				GCC_OPTIMIZATION_LEVEL = 0;
				GCC_PREPROCESSOR_DEFINITIONS = (
					"DEBUG=1",
					"$(inherited)",
				);
				GCC_WARN_64_TO_32_BIT_CONVERSION = YES;
				GCC_WARN_ABOUT_RETURN_TYPE = YES_ERROR;
				GCC_WARN_UNDECLARED_SELECTOR = YES;
				GCC_WARN_UNINITIALIZED_AUTOS = YES_AGGRESSIVE;
				GCC_WARN_UNUSED_FUNCTION = YES;
				GCC_WARN_UNUSED_VARIABLE = YES;
				IPHONEOS_DEPLOYMENT_TARGET = 10.0;
				MTL_ENABLE_DEBUG_INFO = YES;
				ONLY_ACTIVE_ARCH = YES;
				SDKROOT = iphoneos;
				TARGETED_DEVICE_FAMILY = "1,2";
			};
			name = Debug;
		};
		361216261DF894460075B622 /* Release */ = {
			isa = XCBuildConfiguration;
			buildSettings = {
				ALWAYS_SEARCH_USER_PATHS = NO;
				CLANG_ANALYZER_NONNULL = YES;
				CLANG_CXX_LANGUAGE_STANDARD = "gnu++0x";
				CLANG_CXX_LIBRARY = "libc++";
				CLANG_ENABLE_MODULES = YES;
				CLANG_ENABLE_OBJC_ARC = YES;
				CLANG_WARN_BOOL_CONVERSION = YES;
				CLANG_WARN_CONSTANT_CONVERSION = YES;
				CLANG_WARN_DIRECT_OBJC_ISA_USAGE = YES_ERROR;
				CLANG_WARN_DOCUMENTATION_COMMENTS = YES;
				CLANG_WARN_EMPTY_BODY = YES;
				CLANG_WARN_ENUM_CONVERSION = YES;
				CLANG_WARN_INFINITE_RECURSION = YES;
				CLANG_WARN_INT_CONVERSION = YES;
				CLANG_WARN_OBJC_ROOT_CLASS = YES_ERROR;
				CLANG_WARN_SUSPICIOUS_MOVES = YES;
				CLANG_WARN_UNREACHABLE_CODE = YES;
				CLANG_WARN__DUPLICATE_METHOD_MATCH = YES;
				"CODE_SIGN_IDENTITY[sdk=iphoneos*]" = "iPhone Developer";
				COPY_PHASE_STRIP = NO;
				DEBUG_INFORMATION_FORMAT = "dwarf-with-dsym";
				ENABLE_NS_ASSERTIONS = NO;
				ENABLE_STRICT_OBJC_MSGSEND = YES;
				GCC_C_LANGUAGE_STANDARD = gnu99;
				GCC_NO_COMMON_BLOCKS = YES;
				GCC_WARN_64_TO_32_BIT_CONVERSION = YES;
				GCC_WARN_ABOUT_RETURN_TYPE = YES_ERROR;
				GCC_WARN_UNDECLARED_SELECTOR = YES;
				GCC_WARN_UNINITIALIZED_AUTOS = YES_AGGRESSIVE;
				GCC_WARN_UNUSED_FUNCTION = YES;
				GCC_WARN_UNUSED_VARIABLE = YES;
				IPHONEOS_DEPLOYMENT_TARGET = 10.0;
				MTL_ENABLE_DEBUG_INFO = NO;
				SDKROOT = iphoneos;
				TARGETED_DEVICE_FAMILY = "1,2";
				VALIDATE_PRODUCT = YES;
			};
			name = Release;
		};
		361216281DF894460075B622 /* Debug */ = {
			isa = XCBuildConfiguration;
			baseConfigurationReference = 08BDBA83531713AF5AC6461C /* Pods-CustomLogsDemo.debug.xcconfig */;
			buildSettings = {
				ASSETCATALOG_COMPILER_APPICON_NAME = AppIcon;
				INFOPLIST_FILE = CustomLogsDemo/Info.plist;
				LD_RUNPATH_SEARCH_PATHS = "$(inherited) @executable_path/Frameworks";
				PRODUCT_BUNDLE_IDENTIFIER = Melany.CustomLogsDemo;
				PRODUCT_NAME = "$(TARGET_NAME)";
			};
			name = Debug;
		};
		361216291DF894460075B622 /* Release */ = {
			isa = XCBuildConfiguration;
			baseConfigurationReference = 951B689DFDCEA9A1D64D78DF /* Pods-CustomLogsDemo.release.xcconfig */;
			buildSettings = {
				ASSETCATALOG_COMPILER_APPICON_NAME = AppIcon;
				INFOPLIST_FILE = CustomLogsDemo/Info.plist;
				LD_RUNPATH_SEARCH_PATHS = "$(inherited) @executable_path/Frameworks";
				PRODUCT_BUNDLE_IDENTIFIER = Melany.CustomLogsDemo;
				PRODUCT_NAME = "$(TARGET_NAME)";
			};
			name = Release;
		};
/* End XCBuildConfiguration section */

/* Begin XCConfigurationList section */
		3612160B1DF894450075B622 /* Build configuration list for PBXProject "CustomLogsDemo" */ = {
			isa = XCConfigurationList;
			buildConfigurations = (
				361216251DF894460075B622 /* Debug */,
				361216261DF894460075B622 /* Release */,
			);
			defaultConfigurationIsVisible = 0;
			defaultConfigurationName = Release;
		};
		361216271DF894460075B622 /* Build configuration list for PBXNativeTarget "CustomLogsDemo" */ = {
			isa = XCConfigurationList;
			buildConfigurations = (
				361216281DF894460075B622 /* Debug */,
				361216291DF894460075B622 /* Release */,
			);
			defaultConfigurationIsVisible = 0;
			defaultConfigurationName = Release;
		};
/* End XCConfigurationList section */
	};
	rootObject = 361216081DF894450075B622 /* Project object */;
}
